// !$*UTF8*$!
{
	archiveVersion = 1;
	classes = {
	};
	objectVersion = 46;
	objects = {

/* Begin PBXBuildFile section */
		DB1DC28B159258B70006347F /* MyModel.m in Sources */ = {isa = PBXBuildFile; fileRef = DB1DC28A159258B70006347F /* MyModel.m */; };
		DB54353D157E848700C5268A /* SenTestingKit.framework in Frameworks */ = {isa = PBXBuildFile; fileRef = DB54353C157E848700C5268A /* SenTestingKit.framework */; };
		DB54353E157E848700C5268A /* UIKit.framework in Frameworks */ = {isa = PBXBuildFile; fileRef = DBB31CD81562C8BD006B2B70 /* UIKit.framework */; };
		DB54353F157E848700C5268A /* Foundation.framework in Frameworks */ = {isa = PBXBuildFile; fileRef = DBB31CDA1562C8BD006B2B70 /* Foundation.framework */; };
		DB543545157E848700C5268A /* InfoPlist.strings in Resources */ = {isa = PBXBuildFile; fileRef = DB543543157E848700C5268A /* InfoPlist.strings */; };
		DB543548157E848800C5268A /* LogicUnitTests.m in Sources */ = {isa = PBXBuildFile; fileRef = DB543547157E848800C5268A /* LogicUnitTests.m */; };
		DBB31CD91562C8BD006B2B70 /* UIKit.framework in Frameworks */ = {isa = PBXBuildFile; fileRef = DBB31CD81562C8BD006B2B70 /* UIKit.framework */; };
		DBB31CDB1562C8BD006B2B70 /* Foundation.framework in Frameworks */ = {isa = PBXBuildFile; fileRef = DBB31CDA1562C8BD006B2B70 /* Foundation.framework */; };
		DBB31CDD1562C8BD006B2B70 /* CoreGraphics.framework in Frameworks */ = {isa = PBXBuildFile; fileRef = DBB31CDC1562C8BD006B2B70 /* CoreGraphics.framework */; };
		DBB31CE31562C8BD006B2B70 /* InfoPlist.strings in Resources */ = {isa = PBXBuildFile; fileRef = DBB31CE11562C8BD006B2B70 /* InfoPlist.strings */; };
		DBB31CE51562C8BD006B2B70 /* main.m in Sources */ = {isa = PBXBuildFile; fileRef = DBB31CE41562C8BD006B2B70 /* main.m */; };
		DBB31CE91562C8BD006B2B70 /* AppDelegate.m in Sources */ = {isa = PBXBuildFile; fileRef = DBB31CE81562C8BD006B2B70 /* AppDelegate.m */; };
		DBB31CEC1562C8BD006B2B70 /* ViewController.m in Sources */ = {isa = PBXBuildFile; fileRef = DBB31CEB1562C8BD006B2B70 /* ViewController.m */; };
		DBB31CEF1562C8BD006B2B70 /* ViewController.xib in Resources */ = {isa = PBXBuildFile; fileRef = DBB31CED1562C8BD006B2B70 /* ViewController.xib */; };
/* End PBXBuildFile section */

/* Begin PBXFileReference section */
		DB1DC289159258B70006347F /* MyModel.h */ = {isa = PBXFileReference; fileEncoding = 4; lastKnownFileType = sourcecode.c.h; name = MyModel.h; path = ../../Documentation/Documentation/MyModel.h; sourceTree = "<group>"; };
		DB1DC28A159258B70006347F /* MyModel.m */ = {isa = PBXFileReference; fileEncoding = 4; lastKnownFileType = sourcecode.c.objc; name = MyModel.m; path = ../../Documentation/Documentation/MyModel.m; sourceTree = "<group>"; };
		DB54353B157E848700C5268A /* LogicUnitTests.octest */ = {isa = PBXFileReference; explicitFileType = wrapper.cfbundle; includeInIndex = 0; path = LogicUnitTests.octest; sourceTree = BUILT_PRODUCTS_DIR; };
		DB54353C157E848700C5268A /* SenTestingKit.framework */ = {isa = PBXFileReference; lastKnownFileType = wrapper.framework; name = SenTestingKit.framework; path = Library/Frameworks/SenTestingKit.framework; sourceTree = DEVELOPER_DIR; };
		DB543542157E848700C5268A /* LogicUnitTests-Info.plist */ = {isa = PBXFileReference; lastKnownFileType = text.plist.xml; path = "LogicUnitTests-Info.plist"; sourceTree = "<group>"; };
		DB543544157E848700C5268A /* en */ = {isa = PBXFileReference; lastKnownFileType = text.plist.strings; name = en; path = en.lproj/InfoPlist.strings; sourceTree = "<group>"; };
		DB543546157E848700C5268A /* LogicUnitTests.h */ = {isa = PBXFileReference; lastKnownFileType = sourcecode.c.h; path = LogicUnitTests.h; sourceTree = "<group>"; };
		DB543547157E848800C5268A /* LogicUnitTests.m */ = {isa = PBXFileReference; lastKnownFileType = sourcecode.c.objc; path = LogicUnitTests.m; sourceTree = "<group>"; };
		DB543549157E848800C5268A /* LogicUnitTests-Prefix.pch */ = {isa = PBXFileReference; lastKnownFileType = sourcecode.c.h; path = "LogicUnitTests-Prefix.pch"; sourceTree = "<group>"; };
		DBB31CD41562C8BD006B2B70 /* hudson2Git.app */ = {isa = PBXFileReference; explicitFileType = wrapper.application; includeInIndex = 0; path = hudson2Git.app; sourceTree = BUILT_PRODUCTS_DIR; };
		DBB31CD81562C8BD006B2B70 /* UIKit.framework */ = {isa = PBXFileReference; lastKnownFileType = wrapper.framework; name = UIKit.framework; path = System/Library/Frameworks/UIKit.framework; sourceTree = SDKROOT; };
		DBB31CDA1562C8BD006B2B70 /* Foundation.framework */ = {isa = PBXFileReference; lastKnownFileType = wrapper.framework; name = Foundation.framework; path = System/Library/Frameworks/Foundation.framework; sourceTree = SDKROOT; };
		DBB31CDC1562C8BD006B2B70 /* CoreGraphics.framework */ = {isa = PBXFileReference; lastKnownFileType = wrapper.framework; name = CoreGraphics.framework; path = System/Library/Frameworks/CoreGraphics.framework; sourceTree = SDKROOT; };
		DBB31CE01562C8BD006B2B70 /* hudson2Git-Info.plist */ = {isa = PBXFileReference; lastKnownFileType = text.plist.xml; path = "hudson2Git-Info.plist"; sourceTree = "<group>"; };
		DBB31CE21562C8BD006B2B70 /* en */ = {isa = PBXFileReference; lastKnownFileType = text.plist.strings; name = en; path = en.lproj/InfoPlist.strings; sourceTree = "<group>"; };
		DBB31CE41562C8BD006B2B70 /* main.m */ = {isa = PBXFileReference; lastKnownFileType = sourcecode.c.objc; path = main.m; sourceTree = "<group>"; };
		DBB31CE61562C8BD006B2B70 /* hudson2Git-Prefix.pch */ = {isa = PBXFileReference; lastKnownFileType = sourcecode.c.h; path = "hudson2Git-Prefix.pch"; sourceTree = "<group>"; };
		DBB31CE71562C8BD006B2B70 /* AppDelegate.h */ = {isa = PBXFileReference; lastKnownFileType = sourcecode.c.h; path = AppDelegate.h; sourceTree = "<group>"; };
		DBB31CE81562C8BD006B2B70 /* AppDelegate.m */ = {isa = PBXFileReference; lastKnownFileType = sourcecode.c.objc; path = AppDelegate.m; sourceTree = "<group>"; };
		DBB31CEA1562C8BD006B2B70 /* ViewController.h */ = {isa = PBXFileReference; lastKnownFileType = sourcecode.c.h; path = ViewController.h; sourceTree = "<group>"; };
		DBB31CEB1562C8BD006B2B70 /* ViewController.m */ = {isa = PBXFileReference; lastKnownFileType = sourcecode.c.objc; path = ViewController.m; sourceTree = "<group>"; };
		DBB31CEE1562C8BD006B2B70 /* en */ = {isa = PBXFileReference; lastKnownFileType = file.xib; name = en; path = en.lproj/ViewController.xib; sourceTree = "<group>"; };
/* End PBXFileReference section */

/* Begin PBXFrameworksBuildPhase section */
		DB543537157E848700C5268A /* Frameworks */ = {
			isa = PBXFrameworksBuildPhase;
			buildActionMask = 2147483647;
			files = (
				DB54353D157E848700C5268A /* SenTestingKit.framework in Frameworks */,
				DB54353E157E848700C5268A /* UIKit.framework in Frameworks */,
				DB54353F157E848700C5268A /* Foundation.framework in Frameworks */,
			);
			runOnlyForDeploymentPostprocessing = 0;
		};
		DBB31CD11562C8BD006B2B70 /* Frameworks */ = {
			isa = PBXFrameworksBuildPhase;
			buildActionMask = 2147483647;
			files = (
				DBB31CD91562C8BD006B2B70 /* UIKit.framework in Frameworks */,
				DBB31CDB1562C8BD006B2B70 /* Foundation.framework in Frameworks */,
				DBB31CDD1562C8BD006B2B70 /* CoreGraphics.framework in Frameworks */,
			);
			runOnlyForDeploymentPostprocessing = 0;
		};
/* End PBXFrameworksBuildPhase section */

/* Begin PBXGroup section */
		DB1DC28D159258BD0006347F /* View Controllers */ = {
			isa = PBXGroup;
			children = (
				DBB31CEA1562C8BD006B2B70 /* ViewController.h */,
				DBB31CEB1562C8BD006B2B70 /* ViewController.m */,
				DBB31CED1562C8BD006B2B70 /* ViewController.xib */,
			);
			name = "View Controllers";
			sourceTree = "<group>";
		};
		DB1DC28E159258CC0006347F /* Models */ = {
			isa = PBXGroup;
			children = (
				DB1DC289159258B70006347F /* MyModel.h */,
				DB1DC28A159258B70006347F /* MyModel.m */,
			);
			name = Models;
			sourceTree = "<group>";
		};
		DB543540157E848700C5268A /* LogicUnitTests */ = {
			isa = PBXGroup;
			children = (
				DB543546157E848700C5268A /* LogicUnitTests.h */,
				DB543547157E848800C5268A /* LogicUnitTests.m */,
				DB543541157E848700C5268A /* Supporting Files */,
			);
			path = LogicUnitTests;
			sourceTree = "<group>";
		};
		DB543541157E848700C5268A /* Supporting Files */ = {
			isa = PBXGroup;
			children = (
				DB543542157E848700C5268A /* LogicUnitTests-Info.plist */,
				DB543543157E848700C5268A /* InfoPlist.strings */,
				DB543549157E848800C5268A /* LogicUnitTests-Prefix.pch */,
			);
			name = "Supporting Files";
			sourceTree = "<group>";
		};
		DBB31CC91562C8BD006B2B70 = {
			isa = PBXGroup;
			children = (
				DBB31CDE1562C8BD006B2B70 /* hudson2Git */,
				DB543540157E848700C5268A /* LogicUnitTests */,
				DBB31CD71562C8BD006B2B70 /* Frameworks */,
				DBB31CD51562C8BD006B2B70 /* Products */,
			);
			sourceTree = "<group>";
		};
		DBB31CD51562C8BD006B2B70 /* Products */ = {
			isa = PBXGroup;
			children = (
				DBB31CD41562C8BD006B2B70 /* hudson2Git.app */,
				DB54353B157E848700C5268A /* LogicUnitTests.octest */,
			);
			name = Products;
			sourceTree = "<group>";
		};
		DBB31CD71562C8BD006B2B70 /* Frameworks */ = {
			isa = PBXGroup;
			children = (
				DBB31CD81562C8BD006B2B70 /* UIKit.framework */,
				DBB31CDA1562C8BD006B2B70 /* Foundation.framework */,
				DBB31CDC1562C8BD006B2B70 /* CoreGraphics.framework */,
				DB54353C157E848700C5268A /* SenTestingKit.framework */,
			);
			name = Frameworks;
			sourceTree = "<group>";
		};
		DBB31CDE1562C8BD006B2B70 /* hudson2Git */ = {
			isa = PBXGroup;
			children = (
				DBB31CE71562C8BD006B2B70 /* AppDelegate.h */,
				DBB31CE81562C8BD006B2B70 /* AppDelegate.m */,
				DB1DC28D159258BD0006347F /* View Controllers */,
				DB1DC28E159258CC0006347F /* Models */,
				DBB31CDF1562C8BD006B2B70 /* Supporting Files */,
			);
			path = hudson2Git;
			sourceTree = "<group>";
		};
		DBB31CDF1562C8BD006B2B70 /* Supporting Files */ = {
			isa = PBXGroup;
			children = (
				DBB31CE01562C8BD006B2B70 /* hudson2Git-Info.plist */,
				DBB31CE11562C8BD006B2B70 /* InfoPlist.strings */,
				DBB31CE41562C8BD006B2B70 /* main.m */,
				DBB31CE61562C8BD006B2B70 /* hudson2Git-Prefix.pch */,
			);
			name = "Supporting Files";
			sourceTree = "<group>";
		};
/* End PBXGroup section */

/* Begin PBXNativeTarget section */
		DB54353A157E848700C5268A /* LogicUnitTests */ = {
			isa = PBXNativeTarget;
			buildConfigurationList = DB54354A157E848800C5268A /* Build configuration list for PBXNativeTarget "LogicUnitTests" */;
			buildPhases = (
				DB543536157E848700C5268A /* Sources */,
				DB543537157E848700C5268A /* Frameworks */,
				DB543538157E848700C5268A /* Resources */,
				DB543539157E848700C5268A /* ShellScript */,
			);
			buildRules = (
			);
			dependencies = (
			);
			name = LogicUnitTests;
			productName = LogicUnitTests;
			productReference = DB54353B157E848700C5268A /* LogicUnitTests.octest */;
			productType = "com.apple.product-type.bundle";
		};
		DBB31CD31562C8BD006B2B70 /* hudson2Git */ = {
			isa = PBXNativeTarget;
			buildConfigurationList = DBB31CF21562C8BD006B2B70 /* Build configuration list for PBXNativeTarget "hudson2Git" */;
			buildPhases = (
				DBB31CD01562C8BD006B2B70 /* Sources */,
				DBB31CD11562C8BD006B2B70 /* Frameworks */,
				DBB31CD21562C8BD006B2B70 /* Resources */,
				DB84F523157EA32100D5453F /* ShellScript */,
			);
			buildRules = (
			);
			dependencies = (
			);
			name = hudson2Git;
			productName = hudson2Git;
			productReference = DBB31CD41562C8BD006B2B70 /* hudson2Git.app */;
			productType = "com.apple.product-type.application";
		};
/* End PBXNativeTarget section */

/* Begin PBXProject section */
		DBB31CCB1562C8BD006B2B70 /* Project object */ = {
			isa = PBXProject;
			attributes = {
				LastUpgradeCheck = 0430;
				ORGANIZATIONNAME = PointAbout;
			};
			buildConfigurationList = DBB31CCE1562C8BD006B2B70 /* Build configuration list for PBXProject "hudson2Git" */;
			compatibilityVersion = "Xcode 3.2";
			developmentRegion = English;
			hasScannedForEncodings = 0;
			knownRegions = (
				en,
			);
			mainGroup = DBB31CC91562C8BD006B2B70;
			productRefGroup = DBB31CD51562C8BD006B2B70 /* Products */;
			projectDirPath = "";
			projectRoot = "";
			targets = (
				DBB31CD31562C8BD006B2B70 /* hudson2Git */,
				DB54353A157E848700C5268A /* LogicUnitTests */,
			);
		};
/* End PBXProject section */

/* Begin PBXResourcesBuildPhase section */
		DB543538157E848700C5268A /* Resources */ = {
			isa = PBXResourcesBuildPhase;
			buildActionMask = 2147483647;
			files = (
				DB543545157E848700C5268A /* InfoPlist.strings in Resources */,
			);
			runOnlyForDeploymentPostprocessing = 0;
		};
		DBB31CD21562C8BD006B2B70 /* Resources */ = {
			isa = PBXResourcesBuildPhase;
			buildActionMask = 2147483647;
			files = (
				DBB31CE31562C8BD006B2B70 /* InfoPlist.strings in Resources */,
				DBB31CEF1562C8BD006B2B70 /* ViewController.xib in Resources */,
			);
			runOnlyForDeploymentPostprocessing = 0;
		};
/* End PBXResourcesBuildPhase section */

/* Begin PBXShellScriptBuildPhase section */
		DB543539157E848700C5268A /* ShellScript */ = {
			isa = PBXShellScriptBuildPhase;
			buildActionMask = 2147483647;
			files = (
			);
			inputPaths = (
			);
			outputPaths = (
			);
			runOnlyForDeploymentPostprocessing = 0;
			shellPath = /bin/sh;
			shellScript = "export TEST_AFTER_BUILD=YES\n# Run the unit tests in this test bundle.\n\"${SYSTEM_DEVELOPER_DIR}/Tools/RunUnitTests\"\n";
		};
		DB84F523157EA32100D5453F /* ShellScript */ = {
			isa = PBXShellScriptBuildPhase;
			buildActionMask = 2147483647;
			files = (
			);
			inputPaths = (
			);
			outputPaths = (
			);
			runOnlyForDeploymentPostprocessing = 0;
			shellPath = /bin/sh;
			shellScript = "";
		};
/* End PBXShellScriptBuildPhase section */

/* Begin PBXSourcesBuildPhase section */
		DB543536157E848700C5268A /* Sources */ = {
			isa = PBXSourcesBuildPhase;
			buildActionMask = 2147483647;
			files = (
				DB543548157E848800C5268A /* LogicUnitTests.m in Sources */,
			);
			runOnlyForDeploymentPostprocessing = 0;
		};
		DBB31CD01562C8BD006B2B70 /* Sources */ = {
			isa = PBXSourcesBuildPhase;
			buildActionMask = 2147483647;
			files = (
				DBB31CE51562C8BD006B2B70 /* main.m in Sources */,
				DBB31CE91562C8BD006B2B70 /* AppDelegate.m in Sources */,
				DBB31CEC1562C8BD006B2B70 /* ViewController.m in Sources */,
				DB1DC28B159258B70006347F /* MyModel.m in Sources */,
			);
			runOnlyForDeploymentPostprocessing = 0;
		};
/* End PBXSourcesBuildPhase section */

/* Begin PBXVariantGroup section */
		DB543543157E848700C5268A /* InfoPlist.strings */ = {
			isa = PBXVariantGroup;
			children = (
				DB543544157E848700C5268A /* en */,
			);
			name = InfoPlist.strings;
			sourceTree = "<group>";
		};
		DBB31CE11562C8BD006B2B70 /* InfoPlist.strings */ = {
			isa = PBXVariantGroup;
			children = (
				DBB31CE21562C8BD006B2B70 /* en */,
			);
			name = InfoPlist.strings;
			sourceTree = "<group>";
		};
		DBB31CED1562C8BD006B2B70 /* ViewController.xib */ = {
			isa = PBXVariantGroup;
			children = (
				DBB31CEE1562C8BD006B2B70 /* en */,
			);
			name = ViewController.xib;
			sourceTree = "<group>";
		};
/* End PBXVariantGroup section */

/* Begin XCBuildConfiguration section */
		DB54354B157E848800C5268A /* Debug */ = {
			isa = XCBuildConfiguration;
			buildSettings = {
				FRAMEWORK_SEARCH_PATHS = (
					"$(SDKROOT)/Developer/Library/Frameworks",
					"$(DEVELOPER_LIBRARY_DIR)/Frameworks",
				);
				GCC_PRECOMPILE_PREFIX_HEADER = YES;
				GCC_PREFIX_HEADER = "LogicUnitTests/LogicUnitTests-Prefix.pch";
				INFOPLIST_FILE = "LogicUnitTests/LogicUnitTests-Info.plist";
				PRODUCT_NAME = "$(TARGET_NAME)";
				WRAPPER_EXTENSION = octest;
			};
			name = Debug;
		};
		DB54354C157E848800C5268A /* TestFlight */ = {
			isa = XCBuildConfiguration;
			buildSettings = {
				FRAMEWORK_SEARCH_PATHS = (
					"$(SDKROOT)/Developer/Library/Frameworks",
					"$(DEVELOPER_LIBRARY_DIR)/Frameworks",
				);
				GCC_PRECOMPILE_PREFIX_HEADER = YES;
				GCC_PREFIX_HEADER = "LogicUnitTests/LogicUnitTests-Prefix.pch";
				INFOPLIST_FILE = "LogicUnitTests/LogicUnitTests-Info.plist";
				PRODUCT_NAME = "$(TARGET_NAME)";
				WRAPPER_EXTENSION = octest;
			};
			name = TestFlight;
		};
		DB54354D157E848800C5268A /* Release */ = {
			isa = XCBuildConfiguration;
			buildSettings = {
				FRAMEWORK_SEARCH_PATHS = (
					"$(SDKROOT)/Developer/Library/Frameworks",
					"$(DEVELOPER_LIBRARY_DIR)/Frameworks",
				);
				GCC_PRECOMPILE_PREFIX_HEADER = YES;
				GCC_PREFIX_HEADER = "LogicUnitTests/LogicUnitTests-Prefix.pch";
				INFOPLIST_FILE = "LogicUnitTests/LogicUnitTests-Info.plist";
				PRODUCT_NAME = "$(TARGET_NAME)";
				WRAPPER_EXTENSION = octest;
			};
			name = Release;
		};
		DBB31CF01562C8BD006B2B70 /* Debug */ = {
			isa = XCBuildConfiguration;
			buildSettings = {
				ALWAYS_SEARCH_USER_PATHS = NO;
				ARCHS = "$(ARCHS_STANDARD_32_BIT)";
				"CODE_SIGN_IDENTITY[sdk=iphoneos*]" = "iPhone Developer";
				COPY_PHASE_STRIP = NO;
				GCC_C_LANGUAGE_STANDARD = gnu99;
				GCC_DYNAMIC_NO_PIC = NO;
				GCC_OPTIMIZATION_LEVEL = 0;
				GCC_PREPROCESSOR_DEFINITIONS = (
					"DEBUG=1",
					"$(inherited)",
				);
				GCC_SYMBOLS_PRIVATE_EXTERN = NO;
				GCC_VERSION = com.apple.compilers.llvm.clang.1_0;
				GCC_WARN_ABOUT_RETURN_TYPE = YES;
				GCC_WARN_UNINITIALIZED_AUTOS = YES;
				GCC_WARN_UNUSED_VARIABLE = YES;
				IPHONEOS_DEPLOYMENT_TARGET = 5.1;
				SDKROOT = iphoneos;
				TARGETED_DEVICE_FAMILY = 2;
			};
			name = Debug;
		};
		DBB31CF11562C8BD006B2B70 /* Release */ = {
			isa = XCBuildConfiguration;
			buildSettings = {
				ALWAYS_SEARCH_USER_PATHS = NO;
				ARCHS = "$(ARCHS_STANDARD_32_BIT)";
				"CODE_SIGN_IDENTITY[sdk=iphoneos*]" = "iPhone Developer";
				COPY_PHASE_STRIP = YES;
				GCC_C_LANGUAGE_STANDARD = gnu99;
				GCC_VERSION = com.apple.compilers.llvm.clang.1_0;
				GCC_WARN_ABOUT_RETURN_TYPE = YES;
				GCC_WARN_UNINITIALIZED_AUTOS = YES;
				GCC_WARN_UNUSED_VARIABLE = YES;
				IPHONEOS_DEPLOYMENT_TARGET = 5.1;
				OTHER_CFLAGS = "-DNS_BLOCK_ASSERTIONS=1";
				SDKROOT = iphoneos;
				TARGETED_DEVICE_FAMILY = 2;
				VALIDATE_PRODUCT = YES;
			};
			name = Release;
		};
		DBB31CF31562C8BD006B2B70 /* Debug */ = {
			isa = XCBuildConfiguration;
			buildSettings = {
				GCC_PRECOMPILE_PREFIX_HEADER = YES;
				GCC_PREFIX_HEADER = "hudson2Git/hudson2Git-Prefix.pch";
				INFOPLIST_FILE = "hudson2Git/hudson2Git-Info.plist";
				PRODUCT_NAME = "$(TARGET_NAME)";
				TEST_AFTER_BUILD = YES;
				WRAPPER_EXTENSION = app;
			};
			name = Debug;
		};
		DBB31CF41562C8BD006B2B70 /* Release */ = {
			isa = XCBuildConfiguration;
			buildSettings = {
				GCC_PRECOMPILE_PREFIX_HEADER = YES;
				GCC_PREFIX_HEADER = "hudson2Git/hudson2Git-Prefix.pch";
				INFOPLIST_FILE = "hudson2Git/hudson2Git-Info.plist";
				PRODUCT_NAME = "$(TARGET_NAME)";
				TEST_AFTER_BUILD = YES;
				WRAPPER_EXTENSION = app;
			};
			name = Release;
		};
		DBE55140156AA4BB00FB297F /* TestFlight */ = {
			isa = XCBuildConfiguration;
			buildSettings = {
				ALWAYS_SEARCH_USER_PATHS = NO;
				ARCHS = "$(ARCHS_STANDARD_32_BIT)";
				CODE_SIGN_IDENTITY = "iPhone Developer: Perry Miranda (TS7BZYG7J6)";
				"CODE_SIGN_IDENTITY[sdk=iphoneos*]" = "iPhone Developer";
				COPY_PHASE_STRIP = NO;
				GCC_C_LANGUAGE_STANDARD = gnu99;
				GCC_DYNAMIC_NO_PIC = NO;
				GCC_OPTIMIZATION_LEVEL = 0;
				GCC_PREPROCESSOR_DEFINITIONS = (
					"DEBUG=1",
					"$(inherited)",
				);
				GCC_SYMBOLS_PRIVATE_EXTERN = NO;
				GCC_VERSION = com.apple.compilers.llvm.clang.1_0;
				GCC_WARN_ABOUT_RETURN_TYPE = YES;
				GCC_WARN_UNINITIALIZED_AUTOS = YES;
				GCC_WARN_UNUSED_VARIABLE = YES;
				IPHONEOS_DEPLOYMENT_TARGET = 5.1;
				PROVISIONING_PROFILE = "20386028-B40C-4F36-B7D0-41A708AD222B";
				SDKROOT = iphoneos;
				TARGETED_DEVICE_FAMILY = 2;
			};
			name = TestFlight;
		};
		DBE55141156AA4BB00FB297F /* TestFlight */ = {
			isa = XCBuildConfiguration;
			buildSettings = {
				CODE_SIGN_IDENTITY = "iPhone Distribution: Three Pillar Global, Inc.";
				GCC_PRECOMPILE_PREFIX_HEADER = YES;
				GCC_PREFIX_HEADER = "hudson2Git/hudson2Git-Prefix.pch";
				INFOPLIST_FILE = "hudson2Git/hudson2Git-Info.plist";
				PRODUCT_NAME = "$(TARGET_NAME)";
				PROVISIONING_PROFILE = "D49CD901-9773-449C-8C8C-6AE5AB3267A8";
				TEST_AFTER_BUILD = YES;
				WRAPPER_EXTENSION = app;
			};
			name = TestFlight;
		};
/* End XCBuildConfiguration section */

/* Begin XCConfigurationList section */
		DB54354A157E848800C5268A /* Build configuration list for PBXNativeTarget "LogicUnitTests" */ = {
			isa = XCConfigurationList;
			buildConfigurations = (
				DB54354B157E848800C5268A /* Debug */,
				DB54354C157E848800C5268A /* TestFlight */,
				DB54354D157E848800C5268A /* Release */,
			);
			defaultConfigurationIsVisible = 0;
			defaultConfigurationName = Release;
		};
		DBB31CCE1562C8BD006B2B70 /* Build configuration list for PBXProject "hudson2Git" */ = {
			isa = XCConfigurationList;
			buildConfigurations = (
				DBB31CF01562C8BD006B2B70 /* Debug */,
				DBE55140156AA4BB00FB297F /* TestFlight */,
				DBB31CF11562C8BD006B2B70 /* Release */,
			);
			defaultConfigurationIsVisible = 0;
			defaultConfigurationName = Release;
		};
		DBB31CF21562C8BD006B2B70 /* Build configuration list for PBXNativeTarget "hudson2Git" */ = {
			isa = XCConfigurationList;
			buildConfigurations = (
				DBB31CF31562C8BD006B2B70 /* Debug */,
				DBE55141156AA4BB00FB297F /* TestFlight */,
				DBB31CF41562C8BD006B2B70 /* Release */,
			);
			defaultConfigurationIsVisible = 0;
			defaultConfigurationName = Release;
		};
/* End XCConfigurationList section */
	};
	rootObject = DBB31CCB1562C8BD006B2B70 /* Project object */;
}
